PODS:
  - ReerRouter (2.2.1):
    - SectionReader
  - SectionReader (1.0.0)

DEPENDENCIES:
  - ReerRouter (= 2.2.1)

SPEC REPOS:
  trunk:
    - ReerRouter
    - SectionReader

SPEC CHECKSUMS:
  ReerRouter: 8b80594efa2a7c72ca742a6624f18dbcccf73bde
  SectionReader: f32ea7de733e351df8442adbfc9136b36064b018

PODFILE CHECKSUM: eb82b289e3cf62a599b8057f5bf008dcfe7f90fe

COCOAPODS: 1.16.2
