{
  "originHash" : "80eb983616b0dde5fefd092bc0412a4f61b2ae90653282e42a999aed5dfbb70e",
  "pins" : [
    {
      "identity" : "sectionreader",
      "kind" : "remoteSourceControl",
      "location" : "https://github.com/reers/SectionReader.git",
      "state" : {
        "revision" : "aa5fd9a6a60ed533d41dc8836713c3775a19e4e0",
        "version" : "1.0.0"
      }
    },
    {
      "identity" : "swift-syntax",
      "kind" : "remoteSourceControl",
      "location" : "https://github.com/apple/swift-syntax.git",
      "state" : {
        "revision" : "cb53fa1bd3219b0b23ded7dfdd3b2baff266fd25",
        "version" : "600.0.0"
      }
    }
  ],
  "version" : 3
}
